// !$*UTF8*$!
{
	archiveVersion = 1;
	classes = {
	};
	objectVersion = 56;
	objects = {

/* Begin PBXBuildFile section */
		4831A86C2B60F19600C5500D /* Assets.xcassets in Resources */ = {isa = PBXBuildFile; fileRef = 4831A86B2B60F19600C5500D /* Assets.xcassets */; };
		4831A86F2B60F19600C5500D /* Preview Assets.xcassets in Resources */ = {isa = PBXBuildFile; fileRef = 4831A86E2B60F19600C5500D /* Preview Assets.xcassets */; };
		4831A8A12B60F1C500C5500D /* MainTabView.swift in Sources */ = {isa = PBXBuildFile; fileRef = 4831A8922B60F1C500C5500D /* MainTabView.swift */; };
		4831A8A22B60F1C500C5500D /* status.json in Resources */ = {isa = PBXBuildFile; fileRef = 4831A8932B60F1C500C5500D /* status.json */; };
		4831A8A32B60F1C500C5500D /* MatchDataLoader.swift in Sources */ = {isa = PBXBuildFile; fileRef = 4831A8952B60F1C500C5500D /* MatchDataLoader.swift */; };
		4831A8A42B60F1C500C5500D /* MatchSummaryCardView.swift in Sources */ = {isa = PBXBuildFile; fileRef = 4831A8972B60F1C500C5500D /* MatchSummaryCardView.swift */; };
		4831A8A52B60F1C500C5500D /* CustomSegmentedControl.swift in Sources */ = {isa = PBXBuildFile; fileRef = 4831A8992B60F1C500C5500D /* CustomSegmentedControl.swift */; };
		4831A8A62B60F1C500C5500D /* ContentView.swift in Sources */ = {isa = PBXBuildFile; fileRef = 4831A89A2B60F1C500C5500D /* ContentView.swift */; };
		4831A8A72B60F1C500C5500D /* DetailedScorecardView.swift in Sources */ = {isa = PBXBuildFile; fileRef = 4831A89C2B60F1C500C5500D /* DetailedScorecardView.swift */; };
		4831A8A82B60F1C500C5500D /* AccordionView.swift in Sources */ = {isa = PBXBuildFile; fileRef = 4831A89E2B60F1C500C5500D /* AccordionView.swift */; };
		4831A8A92B60F1C500C5500D /* MatchSummary.swift in Sources */ = {isa = PBXBuildFile; fileRef = 4831A8A02B60F1C500C5500D /* MatchSummary.swift */; };
		4831A8AB2B60F1FC00C5500D /* Cricket_MatchApp.swift in Sources */ = {isa = PBXBuildFile; fileRef = 4831A8AA2B60F1FC00C5500D /* Cricket_MatchApp.swift */; };
/* End PBXBuildFile section */

/* Begin PBXContainerItemProxy section */
		4831A8752B60F19600C5500D /* PBXContainerItemProxy */ = {
			isa = PBXContainerItemProxy;
			containerPortal = 4831A85C2B60F19500C5500D /* Project object */;
			proxyType = 1;
			remoteGlobalIDString = 4831A8632B60F19500C5500D;
			remoteInfo = "Cricket Match";
		};
		4831A87F2B60F19600C5500D /* PBXContainerItemProxy */ = {
			isa = PBXContainerItemProxy;
			containerPortal = 4831A85C2B60F19500C5500D /* Project object */;
			proxyType = 1;
			remoteGlobalIDString = 4831A8632B60F19500C5500D;
			remoteInfo = "Cricket Match";
		};
/* End PBXContainerItemProxy section */

/* Begin PBXFileReference section */
		4831A8642B60F19500C5500D /* Cricket Match.app */ = {isa = PBXFileReference; explicitFileType = wrapper.application; includeInIndex = 0; path = "Cricket Match.app"; sourceTree = BUILT_PRODUCTS_DIR; };
		4831A86B2B60F19600C5500D /* Assets.xcassets */ = {isa = PBXFileReference; lastKnownFileType = folder.assetcatalog; path = Assets.xcassets; sourceTree = "<group>"; };
		4831A86E2B60F19600C5500D /* Preview Assets.xcassets */ = {isa = PBXFileReference; lastKnownFileType = folder.assetcatalog; path = "Preview Assets.xcassets"; sourceTree = "<group>"; };
		4831A8742B60F19600C5500D /* Cricket MatchTests.xctest */ = {isa = PBXFileReference; explicitFileType = wrapper.cfbundle; includeInIndex = 0; path = "Cricket MatchTests.xctest"; sourceTree = BUILT_PRODUCTS_DIR; };
		4831A87E2B60F19600C5500D /* Cricket MatchUITests.xctest */ = {isa = PBXFileReference; explicitFileType = wrapper.cfbundle; includeInIndex = 0; path = "Cricket MatchUITests.xctest"; sourceTree = BUILT_PRODUCTS_DIR; };
		4831A8922B60F1C500C5500D /* MainTabView.swift */ = {isa = PBXFileReference; fileEncoding = 4; lastKnownFileType = sourcecode.swift; path = MainTabView.swift; sourceTree = "<group>"; };
		4831A8932B60F1C500C5500D /* status.json */ = {isa = PBXFileReference; fileEncoding = 4; lastKnownFileType = text.json; path = status.json; sourceTree = "<group>"; };
		4831A8952B60F1C500C5500D /* MatchDataLoader.swift */ = {isa = PBXFileReference; fileEncoding = 4; lastKnownFileType = sourcecode.swift; path = MatchDataLoader.swift; sourceTree = "<group>"; };
		4831A8972B60F1C500C5500D /* MatchSummaryCardView.swift */ = {isa = PBXFileReference; fileEncoding = 4; lastKnownFileType = sourcecode.swift; path = MatchSummaryCardView.swift; sourceTree = "<group>"; };
		4831A8992B60F1C500C5500D /* CustomSegmentedControl.swift */ = {isa = PBXFileReference; fileEncoding = 4; lastKnownFileType = sourcecode.swift; path = CustomSegmentedControl.swift; sourceTree = "<group>"; };
		4831A89A2B60F1C500C5500D /* ContentView.swift */ = {isa = PBXFileReference; fileEncoding = 4; lastKnownFileType = sourcecode.swift; path = ContentView.swift; sourceTree = "<group>"; };
		4831A89C2B60F1C500C5500D /* DetailedScorecardView.swift */ = {isa = PBXFileReference; fileEncoding = 4; lastKnownFileType = sourcecode.swift; path = DetailedScorecardView.swift; sourceTree = "<group>"; };
		4831A89E2B60F1C500C5500D /* AccordionView.swift */ = {isa = PBXFileReference; fileEncoding = 4; lastKnownFileType = sourcecode.swift; path = AccordionView.swift; sourceTree = "<group>"; };
		4831A8A02B60F1C500C5500D /* MatchSummary.swift */ = {isa = PBXFileReference; fileEncoding = 4; lastKnownFileType = sourcecode.swift; path = MatchSummary.swift; sourceTree = "<group>"; };
		4831A8AA2B60F1FC00C5500D /* Cricket_MatchApp.swift */ = {isa = PBXFileReference; fileEncoding = 4; lastKnownFileType = sourcecode.swift; path = Cricket_MatchApp.swift; sourceTree = "<group>"; };
/* End PBXFileReference section */

/* Begin PBXFrameworksBuildPhase section */
		4831A8612B60F19500C5500D /* Frameworks */ = {
			isa = PBXFrameworksBuildPhase;
			buildActionMask = 2147483647;
			files = (
			);
			runOnlyForDeploymentPostprocessing = 0;
		};
		4831A8712B60F19600C5500D /* Frameworks */ = {
			isa = PBXFrameworksBuildPhase;
			buildActionMask = 2147483647;
			files = (
			);
			runOnlyForDeploymentPostprocessing = 0;
		};
		4831A87B2B60F19600C5500D /* Frameworks */ = {
			isa = PBXFrameworksBuildPhase;
			buildActionMask = 2147483647;
			files = (
			);
			runOnlyForDeploymentPostprocessing = 0;
		};
/* End PBXFrameworksBuildPhase section */

/* Begin PBXGroup section */
		4831A85B2B60F19500C5500D = {
			isa = PBXGroup;
			children = (
				4831A8662B60F19500C5500D /* Cricket Match */,
				4831A8652B60F19500C5500D /* Products */,
			);
			sourceTree = "<group>";
		};
		4831A8652B60F19500C5500D /* Products */ = {
			isa = PBXGroup;
			children = (
				4831A8642B60F19500C5500D /* Cricket Match.app */,
				4831A8742B60F19600C5500D /* Cricket MatchTests.xctest */,
				4831A87E2B60F19600C5500D /* Cricket MatchUITests.xctest */,
			);
			name = Products;
			sourceTree = "<group>";
		};
		4831A8662B60F19500C5500D /* Cricket Match */ = {
			isa = PBXGroup;
			children = (
				4831A8AA2B60F1FC00C5500D /* Cricket_MatchApp.swift */,
				4831A89F2B60F1C500C5500D /* Model */,
				4831A8942B60F1C500C5500D /* DataLoader */,
				4831A8912B60F1C500C5500D /* MainTabView */,
				4831A8962B60F1C500C5500D /* MatchSummaryView */,
				4831A89B2B60F1C500C5500D /* ScoreCardView */,
				4831A8932B60F1C500C5500D /* status.json */,
				4831A86B2B60F19600C5500D /* Assets.xcassets */,
				4831A86D2B60F19600C5500D /* Preview Content */,
			);
			path = "Cricket Match";
			sourceTree = "<group>";
		};
		4831A86D2B60F19600C5500D /* Preview Content */ = {
			isa = PBXGroup;
			children = (
				4831A86E2B60F19600C5500D /* Preview Assets.xcassets */,
			);
			path = "Preview Content";
			sourceTree = "<group>";
		};
		4831A8912B60F1C500C5500D /* MainTabView */ = {
			isa = PBXGroup;
			children = (
				4831A8922B60F1C500C5500D /* MainTabView.swift */,
			);
			path = MainTabView;
			sourceTree = "<group>";
		};
		4831A8942B60F1C500C5500D /* DataLoader */ = {
			isa = PBXGroup;
			children = (
				4831A8952B60F1C500C5500D /* MatchDataLoader.swift */,
			);
			path = DataLoader;
			sourceTree = "<group>";
		};
		4831A8962B60F1C500C5500D /* MatchSummaryView */ = {
			isa = PBXGroup;
			children = (
				4831A8982B60F1C500C5500D /* SegmentedControl */,
				4831A8972B60F1C500C5500D /* MatchSummaryCardView.swift */,
				4831A89A2B60F1C500C5500D /* ContentView.swift */,
			);
			path = MatchSummaryView;
			sourceTree = "<group>";
		};
		4831A8982B60F1C500C5500D /* SegmentedControl */ = {
			isa = PBXGroup;
			children = (
				4831A8992B60F1C500C5500D /* CustomSegmentedControl.swift */,
			);
			path = SegmentedControl;
			sourceTree = "<group>";
		};
		4831A89B2B60F1C500C5500D /* ScoreCardView */ = {
			isa = PBXGroup;
			children = (
				4831A89C2B60F1C500C5500D /* DetailedScorecardView.swift */,
				4831A89D2B60F1C500C5500D /* AccordionView */,
			);
			path = ScoreCardView;
			sourceTree = "<group>";
		};
		4831A89D2B60F1C500C5500D /* AccordionView */ = {
			isa = PBXGroup;
			children = (
				4831A89E2B60F1C500C5500D /* AccordionView.swift */,
			);
			path = AccordionView;
			sourceTree = "<group>";
		};
		4831A89F2B60F1C500C5500D /* Model */ = {
			isa = PBXGroup;
			children = (
				4831A8A02B60F1C500C5500D /* MatchSummary.swift */,
			);
			path = Model;
			sourceTree = "<group>";
		};
/* End PBXGroup section */

/* Begin PBXNativeTarget section */
		4831A8632B60F19500C5500D /* Cricket Match */ = {
			isa = PBXNativeTarget;
			buildConfigurationList = 4831A8882B60F19600C5500D /* Build configuration list for PBXNativeTarget "Cricket Match" */;
			buildPhases = (
				4831A8602B60F19500C5500D /* Sources */,
				4831A8612B60F19500C5500D /* Frameworks */,
				4831A8622B60F19500C5500D /* Resources */,
			);
			buildRules = (
			);
			dependencies = (
			);
			name = "Cricket Match";
			productName = "Cricket Match";
			productReference = 4831A8642B60F19500C5500D /* Cricket Match.app */;
			productType = "com.apple.product-type.application";
		};
		4831A8732B60F19600C5500D /* Cricket MatchTests */ = {
			isa = PBXNativeTarget;
			buildConfigurationList = 4831A88B2B60F19600C5500D /* Build configuration list for PBXNativeTarget "Cricket MatchTests" */;
			buildPhases = (
				4831A8702B60F19600C5500D /* Sources */,
				4831A8712B60F19600C5500D /* Frameworks */,
				4831A8722B60F19600C5500D /* Resources */,
			);
			buildRules = (
			);
			dependencies = (
				4831A8762B60F19600C5500D /* PBXTargetDependency */,
			);
			name = "Cricket MatchTests";
			productName = "Cricket MatchTests";
			productReference = 4831A8742B60F19600C5500D /* Cricket MatchTests.xctest */;
			productType = "com.apple.product-type.bundle.unit-test";
		};
		4831A87D2B60F19600C5500D /* Cricket MatchUITests */ = {
			isa = PBXNativeTarget;
			buildConfigurationList = 4831A88E2B60F19600C5500D /* Build configuration list for PBXNativeTarget "Cricket MatchUITests" */;
			buildPhases = (
				4831A87A2B60F19600C5500D /* Sources */,
				4831A87B2B60F19600C5500D /* Frameworks */,
				4831A87C2B60F19600C5500D /* Resources */,
			);
			buildRules = (
			);
			dependencies = (
				4831A8802B60F19600C5500D /* PBXTargetDependency */,
			);
			name = "Cricket MatchUITests";
			productName = "Cricket MatchUITests";
			productReference = 4831A87E2B60F19600C5500D /* Cricket MatchUITests.xctest */;
			productType = "com.apple.product-type.bundle.ui-testing";
		};
/* End PBXNativeTarget section */

/* Begin PBXProject section */
		4831A85C2B60F19500C5500D /* Project object */ = {
			isa = PBXProject;
			attributes = {
				BuildIndependentTargetsInParallel = 1;
				LastSwiftUpdateCheck = 1520;
				LastUpgradeCheck = 1520;
				TargetAttributes = {
					4831A8632B60F19500C5500D = {
						CreatedOnToolsVersion = 15.2;
					};
					4831A8732B60F19600C5500D = {
						CreatedOnToolsVersion = 15.2;
						TestTargetID = 4831A8632B60F19500C5500D;
					};
					4831A87D2B60F19600C5500D = {
						CreatedOnToolsVersion = 15.2;
						TestTargetID = 4831A8632B60F19500C5500D;
					};
				};
			};
			buildConfigurationList = 4831A85F2B60F19500C5500D /* Build configuration list for PBXProject "Cricket Match" */;
			compatibilityVersion = "Xcode 14.0";
			developmentRegion = en;
			hasScannedForEncodings = 0;
			knownRegions = (
				en,
				Base,
			);
			mainGroup = 4831A85B2B60F19500C5500D;
			productRefGroup = 4831A8652B60F19500C5500D /* Products */;
			projectDirPath = "";
			projectRoot = "";
			targets = (
				4831A8632B60F19500C5500D /* Cricket Match */,
				4831A8732B60F19600C5500D /* Cricket MatchTests */,
				4831A87D2B60F19600C5500D /* Cricket MatchUITests */,
			);
		};
/* End PBXProject section */

/* Begin PBXResourcesBuildPhase section */
		4831A8622B60F19500C5500D /* Resources */ = {
			isa = PBXResourcesBuildPhase;
			buildActionMask = 2147483647;
			files = (
				4831A86F2B60F19600C5500D /* Preview Assets.xcassets in Resources */,
				4831A86C2B60F19600C5500D /* Assets.xcassets in Resources */,
				4831A8A22B60F1C500C5500D /* status.json in Resources */,
			);
			runOnlyForDeploymentPostprocessing = 0;
		};
		4831A8722B60F19600C5500D /* Resources */ = {
			isa = PBXResourcesBuildPhase;
			buildActionMask = 2147483647;
			files = (
			);
			runOnlyForDeploymentPostprocessing = 0;
		};
		4831A87C2B60F19600C5500D /* Resources */ = {
			isa = PBXResourcesBuildPhase;
			buildActionMask = 2147483647;
			files = (
			);
			runOnlyForDeploymentPostprocessing = 0;
		};
/* End PBXResourcesBuildPhase section */

/* Begin PBXSourcesBuildPhase section */
		4831A8602B60F19500C5500D /* Sources */ = {
			isa = PBXSourcesBuildPhase;
			buildActionMask = 2147483647;
			files = (
				4831A8AB2B60F1FC00C5500D /* Cricket_MatchApp.swift in Sources */,
				4831A8A92B60F1C500C5500D /* MatchSummary.swift in Sources */,
				4831A8A42B60F1C500C5500D /* MatchSummaryCardView.swift in Sources */,
				4831A8A62B60F1C500C5500D /* ContentView.swift in Sources */,
				4831A8A32B60F1C500C5500D /* MatchDataLoader.swift in Sources */,
				4831A8A82B60F1C500C5500D /* AccordionView.swift in Sources */,
				4831A8A72B60F1C500C5500D /* DetailedScorecardView.swift in Sources */,
				4831A8A12B60F1C500C5500D /* MainTabView.swift in Sources */,
				4831A8A52B60F1C500C5500D /* CustomSegmentedControl.swift in Sources */,
			);
			runOnlyForDeploymentPostprocessing = 0;
		};
		4831A8702B60F19600C5500D /* Sources */ = {
			isa = PBXSourcesBuildPhase;
			buildActionMask = 2147483647;
			files = (
			);
			runOnlyForDeploymentPostprocessing = 0;
		};
		4831A87A2B60F19600C5500D /* Sources */ = {
			isa = PBXSourcesBuildPhase;
			buildActionMask = 2147483647;
			files = (
			);
			runOnlyForDeploymentPostprocessing = 0;
		};
/* End PBXSourcesBuildPhase section */

/* Begin PBXTargetDependency section */
		4831A8762B60F19600C5500D /* PBXTargetDependency */ = {
			isa = PBXTargetDependency;
			target = 4831A8632B60F19500C5500D /* Cricket Match */;
			targetProxy = 4831A8752B60F19600C5500D /* PBXContainerItemProxy */;
		};
		4831A8802B60F19600C5500D /* PBXTargetDependency */ = {
			isa = PBXTargetDependency;
			target = 4831A8632B60F19500C5500D /* Cricket Match */;
			targetProxy = 4831A87F2B60F19600C5500D /* PBXContainerItemProxy */;
		};
/* End PBXTargetDependency section */

/* Begin XCBuildConfiguration section */
		4831A8862B60F19600C5500D /* Debug */ = {
			isa = XCBuildConfiguration;
			buildSettings = {
				ALWAYS_SEARCH_USER_PATHS = NO;
				ASSETCATALOG_COMPILER_GENERATE_SWIFT_ASSET_SYMBOL_EXTENSIONS = YES;
				CLANG_ANALYZER_NONNULL = YES;
				CLANG_ANALYZER_NUMBER_OBJECT_CONVERSION = YES_AGGRESSIVE;
				CLANG_CXX_LANGUAGE_STANDARD = "gnu++20";
				CLANG_ENABLE_MODULES = YES;
				CLANG_ENABLE_OBJC_ARC = YES;
				CLANG_ENABLE_OBJC_WEAK = YES;
				CLANG_WARN_BLOCK_CAPTURE_AUTORELEASING = YES;
				CLANG_WARN_BOOL_CONVERSION = YES;
				CLANG_WARN_COMMA = YES;
				CLANG_WARN_CONSTANT_CONVERSION = YES;
				CLANG_WARN_DEPRECATED_OBJC_IMPLEMENTATIONS = YES;
				CLANG_WARN_DIRECT_OBJC_ISA_USAGE = YES_ERROR;
				CLANG_WARN_DOCUMENTATION_COMMENTS = YES;
				CLANG_WARN_EMPTY_BODY = YES;
				CLANG_WARN_ENUM_CONVERSION = YES;
				CLANG_WARN_INFINITE_RECURSION = YES;
				CLANG_WARN_INT_CONVERSION = YES;
				CLANG_WARN_NON_LITERAL_NULL_CONVERSION = YES;
				CLANG_WARN_OBJC_IMPLICIT_RETAIN_SELF = YES;
				CLANG_WARN_OBJC_LITERAL_CONVERSION = YES;
				CLANG_WARN_OBJC_ROOT_CLASS = YES_ERROR;
				CLANG_WARN_QUOTED_INCLUDE_IN_FRAMEWORK_HEADER = YES;
				CLANG_WARN_RANGE_LOOP_ANALYSIS = YES;
				CLANG_WARN_STRICT_PROTOTYPES = YES;
				CLANG_WARN_SUSPICIOUS_MOVE = YES;
				CLANG_WARN_UNGUARDED_AVAILABILITY = YES_AGGRESSIVE;
				CLANG_WARN_UNREACHABLE_CODE = YES;
				CLANG_WARN__DUPLICATE_METHOD_MATCH = YES;
				COPY_PHASE_STRIP = NO;
				DEBUG_INFORMATION_FORMAT = dwarf;
				ENABLE_STRICT_OBJC_MSGSEND = YES;
				ENABLE_TESTABILITY = YES;
				ENABLE_USER_SCRIPT_SANDBOXING = YES;
				GCC_C_LANGUAGE_STANDARD = gnu17;
				GCC_DYNAMIC_NO_PIC = NO;
				GCC_NO_COMMON_BLOCKS = YES;
				GCC_OPTIMIZATION_LEVEL = 0;
				GCC_PREPROCESSOR_DEFINITIONS = (
					"DEBUG=1",
					"$(inherited)",
				);
				GCC_WARN_64_TO_32_BIT_CONVERSION = YES;
				GCC_WARN_ABOUT_RETURN_TYPE = YES_ERROR;
				GCC_WARN_UNDECLARED_SELECTOR = YES;
				GCC_WARN_UNINITIALIZED_AUTOS = YES_AGGRESSIVE;
				GCC_WARN_UNUSED_FUNCTION = YES;
				GCC_WARN_UNUSED_VARIABLE = YES;
				IPHONEOS_DEPLOYMENT_TARGET = 17.2;
				LOCALIZATION_PREFERS_STRING_CATALOGS = YES;
				MTL_ENABLE_DEBUG_INFO = INCLUDE_SOURCE;
				MTL_FAST_MATH = YES;
				ONLY_ACTIVE_ARCH = YES;
				SDKROOT = iphoneos;
				SWIFT_ACTIVE_COMPILATION_CONDITIONS = "DEBUG $(inherited)";
				SWIFT_OPTIMIZATION_LEVEL = "-Onone";
			};
			name = Debug;
		};
		4831A8872B60F19600C5500D /* Release */ = {
			isa = XCBuildConfiguration;
			buildSettings = {
				ALWAYS_SEARCH_USER_PATHS = NO;
				ASSETCATALOG_COMPILER_GENERATE_SWIFT_ASSET_SYMBOL_EXTENSIONS = YES;
				CLANG_ANALYZER_NONNULL = YES;
				CLANG_ANALYZER_NUMBER_OBJECT_CONVERSION = YES_AGGRESSIVE;
				CLANG_CXX_LANGUAGE_STANDARD = "gnu++20";
				CLANG_ENABLE_MODULES = YES;
				CLANG_ENABLE_OBJC_ARC = YES;
				CLANG_ENABLE_OBJC_WEAK = YES;
				CLANG_WARN_BLOCK_CAPTURE_AUTORELEASING = YES;
				CLANG_WARN_BOOL_CONVERSION = YES;
				CLANG_WARN_COMMA = YES;
				CLANG_WARN_CONSTANT_CONVERSION = YES;
				CLANG_WARN_DEPRECATED_OBJC_IMPLEMENTATIONS = YES;
				CLANG_WARN_DIRECT_OBJC_ISA_USAGE = YES_ERROR;
				CLANG_WARN_DOCUMENTATION_COMMENTS = YES;
				CLANG_WARN_EMPTY_BODY = YES;
				CLANG_WARN_ENUM_CONVERSION = YES;
				CLANG_WARN_INFINITE_RECURSION = YES;
				CLANG_WARN_INT_CONVERSION = YES;
				CLANG_WARN_NON_LITERAL_NULL_CONVERSION = YES;
				CLANG_WARN_OBJC_IMPLICIT_RETAIN_SELF = YES;
				CLANG_WARN_OBJC_LITERAL_CONVERSION = YES;
				CLANG_WARN_OBJC_ROOT_CLASS = YES_ERROR;
				CLANG_WARN_QUOTED_INCLUDE_IN_FRAMEWORK_HEADER = YES;
				CLANG_WARN_RANGE_LOOP_ANALYSIS = YES;
				CLANG_WARN_STRICT_PROTOTYPES = YES;
				CLANG_WARN_SUSPICIOUS_MOVE = YES;
				CLANG_WARN_UNGUARDED_AVAILABILITY = YES_AGGRESSIVE;
				CLANG_WARN_UNREACHABLE_CODE = YES;
				CLANG_WARN__DUPLICATE_METHOD_MATCH = YES;
				COPY_PHASE_STRIP = NO;
				DEBUG_INFORMATION_FORMAT = "dwarf-with-dsym";
				ENABLE_NS_ASSERTIONS = NO;
				ENABLE_STRICT_OBJC_MSGSEND = YES;
				ENABLE_USER_SCRIPT_SANDBOXING = YES;
				GCC_C_LANGUAGE_STANDARD = gnu17;
				GCC_NO_COMMON_BLOCKS = YES;
				GCC_WARN_64_TO_32_BIT_CONVERSION = YES;
				GCC_WARN_ABOUT_RETURN_TYPE = YES_ERROR;
				GCC_WARN_UNDECLARED_SELECTOR = YES;
				GCC_WARN_UNINITIALIZED_AUTOS = YES_AGGRESSIVE;
				GCC_WARN_UNUSED_FUNCTION = YES;
				GCC_WARN_UNUSED_VARIABLE = YES;
				IPHONEOS_DEPLOYMENT_TARGET = 17.2;
				LOCALIZATION_PREFERS_STRING_CATALOGS = YES;
				MTL_ENABLE_DEBUG_INFO = NO;
				MTL_FAST_MATH = YES;
				SDKROOT = iphoneos;
				SWIFT_COMPILATION_MODE = wholemodule;
				VALIDATE_PRODUCT = YES;
			};
			name = Release;
		};
		4831A8892B60F19600C5500D /* Debug */ = {
			isa = XCBuildConfiguration;
			buildSettings = {
				ASSETCATALOG_COMPILER_APPICON_NAME = AppIcon;
				ASSETCATALOG_COMPILER_GLOBAL_ACCENT_COLOR_NAME = AccentColor;
				CODE_SIGN_STYLE = Automatic;
				CURRENT_PROJECT_VERSION = 1;
				DEVELOPMENT_ASSET_PATHS = "\"Cricket Match/Preview Content\"";
				ENABLE_PREVIEWS = YES;
				GENERATE_INFOPLIST_FILE = YES;
				INFOPLIST_KEY_UIApplicationSceneManifest_Generation = YES;
				INFOPLIST_KEY_UIApplicationSupportsIndirectInputEvents = YES;
				INFOPLIST_KEY_UILaunchScreen_Generation = YES;
				INFOPLIST_KEY_UISupportedInterfaceOrientations_iPad = "UIInterfaceOrientationPortrait UIInterfaceOrientationPortraitUpsideDown UIInterfaceOrientationLandscapeLeft UIInterfaceOrientationLandscapeRight";
				INFOPLIST_KEY_UISupportedInterfaceOrientations_iPhone = "UIInterfaceOrientationPortrait UIInterfaceOrientationLandscapeLeft UIInterfaceOrientationLandscapeRight";
				LD_RUNPATH_SEARCH_PATHS = (
					"$(inherited)",
					"@executable_path/Frameworks",
				);
				MARKETING_VERSION = 1.0;
				PRODUCT_BUNDLE_IDENTIFIER = "com.techversant.Cricket-Match";
				PRODUCT_NAME = "$(TARGET_NAME)";
				SWIFT_EMIT_LOC_STRINGS = YES;
				SWIFT_VERSION = 5.0;
				TARGETED_DEVICE_FAMILY = "1,2";
			};
			name = Debug;
		};
		4831A88A2B60F19600C5500D /* Release */ = {
			isa = XCBuildConfiguration;
			buildSettings = {
				ASSETCATALOG_COMPILER_APPICON_NAME = AppIcon;
				ASSETCATALOG_COMPILER_GLOBAL_ACCENT_COLOR_NAME = AccentColor;
				CODE_SIGN_STYLE = Automatic;
				CURRENT_PROJECT_VERSION = 1;
				DEVELOPMENT_ASSET_PATHS = "\"Cricket Match/Preview Content\"";
				ENABLE_PREVIEWS = YES;
				GENERATE_INFOPLIST_FILE = YES;
				INFOPLIST_KEY_UIApplicationSceneManifest_Generation = YES;
				INFOPLIST_KEY_UIApplicationSupportsIndirectInputEvents = YES;
				INFOPLIST_KEY_UILaunchScreen_Generation = YES;
				INFOPLIST_KEY_UISupportedInterfaceOrientations_iPad = "UIInterfaceOrientationPortrait UIInterfaceOrientationPortraitUpsideDown UIInterfaceOrientationLandscapeLeft UIInterfaceOrientationLandscapeRight";
				INFOPLIST_KEY_UISupportedInterfaceOrientations_iPhone = "UIInterfaceOrientationPortrait UIInterfaceOrientationLandscapeLeft UIInterfaceOrientationLandscapeRight";
				LD_RUNPATH_SEARCH_PATHS = (
					"$(inherited)",
					"@executable_path/Frameworks",
				);
				MARKETING_VERSION = 1.0;
				PRODUCT_BUNDLE_IDENTIFIER = "com.techversant.Cricket-Match";
				PRODUCT_NAME = "$(TARGET_NAME)";
				SWIFT_EMIT_LOC_STRINGS = YES;
				SWIFT_VERSION = 5.0;
				TARGETED_DEVICE_FAMILY = "1,2";
			};
			name = Release;
		};
		4831A88C2B60F19600C5500D /* Debug */ = {
			isa = XCBuildConfiguration;
			buildSettings = {
				ALWAYS_EMBED_SWIFT_STANDARD_LIBRARIES = YES;
				BUNDLE_LOADER = "$(TEST_HOST)";
				CODE_SIGN_STYLE = Automatic;
				CURRENT_PROJECT_VERSION = 1;
				GENERATE_INFOPLIST_FILE = YES;
				IPHONEOS_DEPLOYMENT_TARGET = 17.2;
				MARKETING_VERSION = 1.0;
				PRODUCT_BUNDLE_IDENTIFIER = "com.techversant.Cricket-MatchTests";
				PRODUCT_NAME = "$(TARGET_NAME)";
				SWIFT_EMIT_LOC_STRINGS = NO;
				SWIFT_VERSION = 5.0;
				TARGETED_DEVICE_FAMILY = "1,2";
				TEST_HOST = "$(BUILT_PRODUCTS_DIR)/Cricket Match.app/$(BUNDLE_EXECUTABLE_FOLDER_PATH)/Cricket Match";
			};
			name = Debug;
		};
		4831A88D2B60F19600C5500D /* Release */ = {
			isa = XCBuildConfiguration;
			buildSettings = {
				ALWAYS_EMBED_SWIFT_STANDARD_LIBRARIES = YES;
				BUNDLE_LOADER = "$(TEST_HOST)";
				CODE_SIGN_STYLE = Automatic;
				CURRENT_PROJECT_VERSION = 1;
				GENERATE_INFOPLIST_FILE = YES;
				IPHONEOS_DEPLOYMENT_TARGET = 17.2;
				MARKETING_VERSION = 1.0;
				PRODUCT_BUNDLE_IDENTIFIER = "com.techversant.Cricket-MatchTests";
				PRODUCT_NAME = "$(TARGET_NAME)";
				SWIFT_EMIT_LOC_STRINGS = NO;
				SWIFT_VERSION = 5.0;
				TARGETED_DEVICE_FAMILY = "1,2";
				TEST_HOST = "$(BUILT_PRODUCTS_DIR)/Cricket Match.app/$(BUNDLE_EXECUTABLE_FOLDER_PATH)/Cricket Match";
			};
			name = Release;
		};
		4831A88F2B60F19600C5500D /* Debug */ = {
			isa = XCBuildConfiguration;
			buildSettings = {
				ALWAYS_EMBED_SWIFT_STANDARD_LIBRARIES = YES;
				CODE_SIGN_STYLE = Automatic;
				CURRENT_PROJECT_VERSION = 1;
				GENERATE_INFOPLIST_FILE = YES;
				MARKETING_VERSION = 1.0;
				PRODUCT_BUNDLE_IDENTIFIER = "com.techversant.Cricket-MatchUITests";
				PRODUCT_NAME = "$(TARGET_NAME)";
				SWIFT_EMIT_LOC_STRINGS = NO;
				SWIFT_VERSION = 5.0;
				TARGETED_DEVICE_FAMILY = "1,2";
				TEST_TARGET_NAME = "Cricket Match";
			};
			name = Debug;
		};
		4831A8902B60F19600C5500D /* Release */ = {
			isa = XCBuildConfiguration;
			buildSettings = {
				ALWAYS_EMBED_SWIFT_STANDARD_LIBRARIES = YES;
				CODE_SIGN_STYLE = Automatic;
				CURRENT_PROJECT_VERSION = 1;
				GENERATE_INFOPLIST_FILE = YES;
				MARKETING_VERSION = 1.0;
				PRODUCT_BUNDLE_IDENTIFIER = "com.techversant.Cricket-MatchUITests";
				PRODUCT_NAME = "$(TARGET_NAME)";
				SWIFT_EMIT_LOC_STRINGS = NO;
				SWIFT_VERSION = 5.0;
				TARGETED_DEVICE_FAMILY = "1,2";
				TEST_TARGET_NAME = "Cricket Match";
			};
			name = Release;
		};
/* End XCBuildConfiguration section */

/* Begin XCConfigurationList section */
		4831A85F2B60F19500C5500D /* Build configuration list for PBXProject "Cricket Match" */ = {
			isa = XCConfigurationList;
			buildConfigurations = (
				4831A8862B60F19600C5500D /* Debug */,
				4831A8872B60F19600C5500D /* Release */,
			);
			defaultConfigurationIsVisible = 0;
			defaultConfigurationName = Release;
		};
		4831A8882B60F19600C5500D /* Build configuration list for PBXNativeTarget "Cricket Match" */ = {
			isa = XCConfigurationList;
			buildConfigurations = (
				4831A8892B60F19600C5500D /* Debug */,
				4831A88A2B60F19600C5500D /* Release */,
			);
			defaultConfigurationIsVisible = 0;
			defaultConfigurationName = Release;
		};
		4831A88B2B60F19600C5500D /* Build configuration list for PBXNativeTarget "Cricket MatchTests" */ = {
			isa = XCConfigurationList;
			buildConfigurations = (
				4831A88C2B60F19600C5500D /* Debug */,
				4831A88D2B60F19600C5500D /* Release */,
			);
			defaultConfigurationIsVisible = 0;
			defaultConfigurationName = Release;
		};
		4831A88E2B60F19600C5500D /* Build configuration list for PBXNativeTarget "Cricket MatchUITests" */ = {
			isa = XCConfigurationList;
			buildConfigurations = (
				4831A88F2B60F19600C5500D /* Debug */,
				4831A8902B60F19600C5500D /* Release */,
			);
			defaultConfigurationIsVisible = 0;
			defaultConfigurationName = Release;
		};
/* End XCConfigurationList section */
	};
	rootObject = 4831A85C2B60F19500C5500D /* Project object */;
}
